
Microsoft Visual Studio Solution File, Format Version 12.00
# Visual Studio Version 17
VisualStudioVersion = 17.4.33205.214
MinimumVisualStudioVersion = 10.0.40219.1
Project("{FAE04EC0-301F-11D3-BF4B-00C04F79EFBC}") = "ShopRunner", "ShopRunner\ShopRunner.csproj", "{FB8BEF87-7838-4A76-9470-56846A4202BA}"
EndProject
Global
	GlobalSection(SolutionConfigurationPlatforms) = preSolution
		Debug|Any CPU = Debug|Any CPU
		Release|Any CPU = Release|Any CPU
	EndGlobalSection
	GlobalSection(ProjectConfigurationPlatforms) = postSolution
		{FB8BEF87-7838-4A76-9470-56846A4202BA}.Debug|Any CPU.ActiveCfg = Debug|Any CPU
		{FB8BEF87-7838-4A76-9470-56846A4202BA}.Debug|Any CPU.Build.0 = Debug|Any CPU
		{FB8BEF87-7838-4A76-9470-56846A4202BA}.Release|Any CPU.ActiveCfg = Release|Any CPU
		{FB8BEF87-7838-4A76-9470-56846A4202BA}.Release|Any CPU.Build.0 = Release|Any CPU
	EndGlobalSection
	GlobalSection(SolutionProperties) = preSolution
		HideSolutionNode = FALSE
	EndGlobalSection
	GlobalSection(ExtensibilityGlobals) = postSolution
		SolutionGuid = {5894905E-5430-48A7-AAD5-D03A6DF1E4D0}
	EndGlobalSection
EndGlobal
